
Microsoft Visual Studio Solution File, Format Version 12.00
# Visual Studio Version 17
VisualStudioVersion = 17.0.32112.339
MinimumVisualStudioVersion = 10.0.40219.1
Project("{FAE04EC0-301F-11D3-BF4B-00C04F79EFBC}") = "DemoAsp.NetCoreApp", "DemoAsp.NetCoreApp\DemoAsp.NetCoreApp.csproj", "{4C1CD09E-41AC-457F-813B-2FA23F6C92E9}"
EndProject
Global
	GlobalSection(SolutionConfigurationPlatforms) = preSolution
		Debug|Any CPU = Debug|Any CPU
		Release|Any CPU = Release|Any CPU
	EndGlobalSection
	GlobalSection(ProjectConfigurationPlatforms) = postSolution
		{4C1CD09E-41AC-457F-813B-2FA23F6C92E9}.Debug|Any CPU.ActiveCfg = Debug|Any CPU
		{4C1CD09E-41AC-457F-813B-2FA23F6C92E9}.Debug|Any CPU.Build.0 = Debug|Any CPU
		{4C1CD09E-41AC-457F-813B-2FA23F6C92E9}.Release|Any CPU.ActiveCfg = Release|Any CPU
		{4C1CD09E-41AC-457F-813B-2FA23F6C92E9}.Release|Any CPU.Build.0 = Release|Any CPU
	EndGlobalSection
	GlobalSection(SolutionProperties) = preSolution
		HideSolutionNode = FALSE
	EndGlobalSection
	GlobalSection(ExtensibilityGlobals) = postSolution
		SolutionGuid = {198B5B80-2E02-40B4-B907-198B32CF8C55}
	EndGlobalSection
EndGlobal
